
Microsoft Visual Studio Solution File, Format Version 10.00
# Visual Studio 2008
Project("{8BC9CEB8-8B4A-11D0-8D11-00A0C91BC942}") = "jp", "jp\jp.vcproj", "{4A2ADC6E-6841-44F8-99B2-452F3076FC2C}"
EndProject
Global
	GlobalSection(SolutionConfigurationPlatforms) = preSolution
		Debug|Win32 = Debug|Win32
		Release|Win32 = Release|Win32
	EndGlobalSection
	GlobalSection(ProjectConfigurationPlatforms) = postSolution
		{4A2ADC6E-6841-44F8-99B2-452F3076FC2C}.Debug|Win32.ActiveCfg = Debug|Win32
		{4A2ADC6E-6841-44F8-99B2-452F3076FC2C}.Debug|Win32.Build.0 = Debug|Win32
		{4A2ADC6E-6841-44F8-99B2-452F3076FC2C}.Release|Win32.ActiveCfg = Release|Win32
		{4A2ADC6E-6841-44F8-99B2-452F3076FC2C}.Release|Win32.Build.0 = Release|Win32
	EndGlobalSection
	GlobalSection(SolutionProperties) = preSolution
		HideSolutionNode = FALSE
	EndGlobalSection
EndGlobal
